
Microsoft Visual Studio Solution File, Format Version 12.00
# Visual Studio 2013
VisualStudioVersion = 12.0.30110.0
MinimumVisualStudioVersion = 10.0.40219.1
Project("{7CC90255-24CF-3CBF-AE0A-BA8A4A4EF519}") = "WorkerRoleAccelerator.Cloud", "WAAcc\WorkerRoleAccelerator.Cloud\WorkerRoleAccelerator.Cloud.ccproj", "{0B118BDD-5879-475B-B4A0-E7642C86229F}"
EndProject
Project("{FAE04EC0-301F-11D3-BF4B-00C04F79EFBC}") = "WorkerRoleAccelerator.Core", "WAAcc\WorkerRoleAccelerator.Core\WorkerRoleAccelerator.Core.csproj", "{FFD9C15A-2246-4410-808E-D4A2F4C31777}"
EndProject
Global
	GlobalSection(SolutionConfigurationPlatforms) = preSolution
		Debug|Any CPU = Debug|Any CPU
		Release|Any CPU = Release|Any CPU
	EndGlobalSection
	GlobalSection(ProjectConfigurationPlatforms) = postSolution
		{0B118BDD-5879-475B-B4A0-E7642C86229F}.Debug|Any CPU.ActiveCfg = Debug|Any CPU
		{0B118BDD-5879-475B-B4A0-E7642C86229F}.Debug|Any CPU.Build.0 = Debug|Any CPU
		{0B118BDD-5879-475B-B4A0-E7642C86229F}.Release|Any CPU.ActiveCfg = Release|Any CPU
		{0B118BDD-5879-475B-B4A0-E7642C86229F}.Release|Any CPU.Build.0 = Release|Any CPU
		{FFD9C15A-2246-4410-808E-D4A2F4C31777}.Debug|Any CPU.ActiveCfg = Debug|Any CPU
		{FFD9C15A-2246-4410-808E-D4A2F4C31777}.Debug|Any CPU.Build.0 = Debug|Any CPU
		{FFD9C15A-2246-4410-808E-D4A2F4C31777}.Release|Any CPU.ActiveCfg = Release|Any CPU
		{FFD9C15A-2246-4410-808E-D4A2F4C31777}.Release|Any CPU.Build.0 = Release|Any CPU
	EndGlobalSection
	GlobalSection(SolutionProperties) = preSolution
		HideSolutionNode = FALSE
	EndGlobalSection
EndGlobal
